// !$*UTF8*$!
{
	archiveVersion = 1;
	classes = {
	};
	objectVersion = 55;
	objects = {

/* Begin PBXBuildFile section */
		278FE15927AB2FE500C8BDE0 /* ar_community_swiftuiApp.swift in Sources */ = {isa = PBXBuildFile; fileRef = 278FE15827AB2FE500C8BDE0 /* ar_community_swiftuiApp.swift */; };
		278FE15B27AB2FE500C8BDE0 /* ContentView.swift in Sources */ = {isa = PBXBuildFile; fileRef = 278FE15A27AB2FE500C8BDE0 /* ContentView.swift */; };
		278FE15D27AB2FE600C8BDE0 /* Assets.xcassets in Resources */ = {isa = PBXBuildFile; fileRef = 278FE15C27AB2FE600C8BDE0 /* Assets.xcassets */; };
		278FE16027AB2FE600C8BDE0 /* Preview Assets.xcassets in Resources */ = {isa = PBXBuildFile; fileRef = 278FE15F27AB2FE600C8BDE0 /* Preview Assets.xcassets */; };
		278FE16A27AB2FE600C8BDE0 /* ar_community_swiftuiTests.swift in Sources */ = {isa = PBXBuildFile; fileRef = 278FE16927AB2FE600C8BDE0 /* ar_community_swiftuiTests.swift */; };
		278FE17427AB2FE600C8BDE0 /* ar_community_swiftuiUITests.swift in Sources */ = {isa = PBXBuildFile; fileRef = 278FE17327AB2FE600C8BDE0 /* ar_community_swiftuiUITests.swift */; };
		278FE17627AB2FE600C8BDE0 /* ar_community_swiftuiUITestsLaunchTests.swift in Sources */ = {isa = PBXBuildFile; fileRef = 278FE17527AB2FE600C8BDE0 /* ar_community_swiftuiUITestsLaunchTests.swift */; };
/* End PBXBuildFile section */

/* Begin PBXContainerItemProxy section */
		278FE16627AB2FE600C8BDE0 /* PBXContainerItemProxy */ = {
			isa = PBXContainerItemProxy;
			containerPortal = 278FE14D27AB2FE500C8BDE0 /* Project object */;
			proxyType = 1;
			remoteGlobalIDString = 278FE15427AB2FE500C8BDE0;
			remoteInfo = "ar-community-swiftui";
		};
		278FE17027AB2FE600C8BDE0 /* PBXContainerItemProxy */ = {
			isa = PBXContainerItemProxy;
			containerPortal = 278FE14D27AB2FE500C8BDE0 /* Project object */;
			proxyType = 1;
			remoteGlobalIDString = 278FE15427AB2FE500C8BDE0;
			remoteInfo = "ar-community-swiftui";
		};
/* End PBXContainerItemProxy section */

/* Begin PBXFileReference section */
		278FE15527AB2FE500C8BDE0 /* ar-community-swiftui.app */ = {isa = PBXFileReference; explicitFileType = wrapper.application; includeInIndex = 0; path = "ar-community-swiftui.app"; sourceTree = BUILT_PRODUCTS_DIR; };
		278FE15827AB2FE500C8BDE0 /* ar_community_swiftuiApp.swift */ = {isa = PBXFileReference; lastKnownFileType = sourcecode.swift; path = ar_community_swiftuiApp.swift; sourceTree = "<group>"; };
		278FE15A27AB2FE500C8BDE0 /* ContentView.swift */ = {isa = PBXFileReference; lastKnownFileType = sourcecode.swift; path = ContentView.swift; sourceTree = "<group>"; };
		278FE15C27AB2FE600C8BDE0 /* Assets.xcassets */ = {isa = PBXFileReference; lastKnownFileType = folder.assetcatalog; path = Assets.xcassets; sourceTree = "<group>"; };
		278FE15F27AB2FE600C8BDE0 /* Preview Assets.xcassets */ = {isa = PBXFileReference; lastKnownFileType = folder.assetcatalog; path = "Preview Assets.xcassets"; sourceTree = "<group>"; };
		278FE16527AB2FE600C8BDE0 /* ar-community-swiftuiTests.xctest */ = {isa = PBXFileReference; explicitFileType = wrapper.cfbundle; includeInIndex = 0; path = "ar-community-swiftuiTests.xctest"; sourceTree = BUILT_PRODUCTS_DIR; };
		278FE16927AB2FE600C8BDE0 /* ar_community_swiftuiTests.swift */ = {isa = PBXFileReference; lastKnownFileType = sourcecode.swift; path = ar_community_swiftuiTests.swift; sourceTree = "<group>"; };
		278FE16F27AB2FE600C8BDE0 /* ar-community-swiftuiUITests.xctest */ = {isa = PBXFileReference; explicitFileType = wrapper.cfbundle; includeInIndex = 0; path = "ar-community-swiftuiUITests.xctest"; sourceTree = BUILT_PRODUCTS_DIR; };
		278FE17327AB2FE600C8BDE0 /* ar_community_swiftuiUITests.swift */ = {isa = PBXFileReference; lastKnownFileType = sourcecode.swift; path = ar_community_swiftuiUITests.swift; sourceTree = "<group>"; };
		278FE17527AB2FE600C8BDE0 /* ar_community_swiftuiUITestsLaunchTests.swift */ = {isa = PBXFileReference; lastKnownFileType = sourcecode.swift; path = ar_community_swiftuiUITestsLaunchTests.swift; sourceTree = "<group>"; };
/* End PBXFileReference section */

/* Begin PBXFrameworksBuildPhase section */
		278FE15227AB2FE500C8BDE0 /* Frameworks */ = {
			isa = PBXFrameworksBuildPhase;
			buildActionMask = 2147483647;
			files = (
			);
			runOnlyForDeploymentPostprocessing = 0;
		};
		278FE16227AB2FE600C8BDE0 /* Frameworks */ = {
			isa = PBXFrameworksBuildPhase;
			buildActionMask = 2147483647;
			files = (
			);
			runOnlyForDeploymentPostprocessing = 0;
		};
		278FE16C27AB2FE600C8BDE0 /* Frameworks */ = {
			isa = PBXFrameworksBuildPhase;
			buildActionMask = 2147483647;
			files = (
			);
			runOnlyForDeploymentPostprocessing = 0;
		};
/* End PBXFrameworksBuildPhase section */

/* Begin PBXGroup section */
		278FE14C27AB2FE500C8BDE0 = {
			isa = PBXGroup;
			children = (
				278FE15727AB2FE500C8BDE0 /* ar-community-swiftui */,
				278FE16827AB2FE600C8BDE0 /* ar-community-swiftuiTests */,
				278FE17227AB2FE600C8BDE0 /* ar-community-swiftuiUITests */,
				278FE15627AB2FE500C8BDE0 /* Products */,
			);
			sourceTree = "<group>";
		};
		278FE15627AB2FE500C8BDE0 /* Products */ = {
			isa = PBXGroup;
			children = (
				278FE15527AB2FE500C8BDE0 /* ar-community-swiftui.app */,
				278FE16527AB2FE600C8BDE0 /* ar-community-swiftuiTests.xctest */,
				278FE16F27AB2FE600C8BDE0 /* ar-community-swiftuiUITests.xctest */,
			);
			name = Products;
			sourceTree = "<group>";
		};
		278FE15727AB2FE500C8BDE0 /* ar-community-swiftui */ = {
			isa = PBXGroup;
			children = (
				278FE15827AB2FE500C8BDE0 /* ar_community_swiftuiApp.swift */,
				278FE15A27AB2FE500C8BDE0 /* ContentView.swift */,
				278FE15C27AB2FE600C8BDE0 /* Assets.xcassets */,
				278FE15E27AB2FE600C8BDE0 /* Preview Content */,
			);
			path = "ar-community-swiftui";
			sourceTree = "<group>";
		};
		278FE15E27AB2FE600C8BDE0 /* Preview Content */ = {
			isa = PBXGroup;
			children = (
				278FE15F27AB2FE600C8BDE0 /* Preview Assets.xcassets */,
			);
			path = "Preview Content";
			sourceTree = "<group>";
		};
		278FE16827AB2FE600C8BDE0 /* ar-community-swiftuiTests */ = {
			isa = PBXGroup;
			children = (
				278FE16927AB2FE600C8BDE0 /* ar_community_swiftuiTests.swift */,
			);
			path = "ar-community-swiftuiTests";
			sourceTree = "<group>";
		};
		278FE17227AB2FE600C8BDE0 /* ar-community-swiftuiUITests */ = {
			isa = PBXGroup;
			children = (
				278FE17327AB2FE600C8BDE0 /* ar_community_swiftuiUITests.swift */,
				278FE17527AB2FE600C8BDE0 /* ar_community_swiftuiUITestsLaunchTests.swift */,
			);
			path = "ar-community-swiftuiUITests";
			sourceTree = "<group>";
		};
/* End PBXGroup section */

/* Begin PBXNativeTarget section */
		278FE15427AB2FE500C8BDE0 /* ar-community-swiftui */ = {
			isa = PBXNativeTarget;
			buildConfigurationList = 278FE17927AB2FE600C8BDE0 /* Build configuration list for PBXNativeTarget "ar-community-swiftui" */;
			buildPhases = (
				278FE15127AB2FE500C8BDE0 /* Sources */,
				278FE15227AB2FE500C8BDE0 /* Frameworks */,
				278FE15327AB2FE500C8BDE0 /* Resources */,
			);
			buildRules = (
			);
			dependencies = (
			);
			name = "ar-community-swiftui";
			productName = "ar-community-swiftui";
			productReference = 278FE15527AB2FE500C8BDE0 /* ar-community-swiftui.app */;
			productType = "com.apple.product-type.application";
		};
		278FE16427AB2FE600C8BDE0 /* ar-community-swiftuiTests */ = {
			isa = PBXNativeTarget;
			buildConfigurationList = 278FE17C27AB2FE600C8BDE0 /* Build configuration list for PBXNativeTarget "ar-community-swiftuiTests" */;
			buildPhases = (
				278FE16127AB2FE600C8BDE0 /* Sources */,
				278FE16227AB2FE600C8BDE0 /* Frameworks */,
				278FE16327AB2FE600C8BDE0 /* Resources */,
			);
			buildRules = (
			);
			dependencies = (
				278FE16727AB2FE600C8BDE0 /* PBXTargetDependency */,
			);
			name = "ar-community-swiftuiTests";
			productName = "ar-community-swiftuiTests";
			productReference = 278FE16527AB2FE600C8BDE0 /* ar-community-swiftuiTests.xctest */;
			productType = "com.apple.product-type.bundle.unit-test";
		};
		278FE16E27AB2FE600C8BDE0 /* ar-community-swiftuiUITests */ = {
			isa = PBXNativeTarget;
			buildConfigurationList = 278FE17F27AB2FE600C8BDE0 /* Build configuration list for PBXNativeTarget "ar-community-swiftuiUITests" */;
			buildPhases = (
				278FE16B27AB2FE600C8BDE0 /* Sources */,
				278FE16C27AB2FE600C8BDE0 /* Frameworks */,
				278FE16D27AB2FE600C8BDE0 /* Resources */,
			);
			buildRules = (
			);
			dependencies = (
				278FE17127AB2FE600C8BDE0 /* PBXTargetDependency */,
			);
			name = "ar-community-swiftuiUITests";
			productName = "ar-community-swiftuiUITests";
			productReference = 278FE16F27AB2FE600C8BDE0 /* ar-community-swiftuiUITests.xctest */;
			productType = "com.apple.product-type.bundle.ui-testing";
		};
/* End PBXNativeTarget section */

/* Begin PBXProject section */
		278FE14D27AB2FE500C8BDE0 /* Project object */ = {
			isa = PBXProject;
			attributes = {
				BuildIndependentTargetsInParallel = 1;
				LastSwiftUpdateCheck = 1320;
				LastUpgradeCheck = 1320;
				TargetAttributes = {
					278FE15427AB2FE500C8BDE0 = {
						CreatedOnToolsVersion = 13.2.1;
					};
					278FE16427AB2FE600C8BDE0 = {
						CreatedOnToolsVersion = 13.2.1;
						TestTargetID = 278FE15427AB2FE500C8BDE0;
					};
					278FE16E27AB2FE600C8BDE0 = {
						CreatedOnToolsVersion = 13.2.1;
						TestTargetID = 278FE15427AB2FE500C8BDE0;
					};
				};
			};
			buildConfigurationList = 278FE15027AB2FE500C8BDE0 /* Build configuration list for PBXProject "ar-community-swiftui" */;
			compatibilityVersion = "Xcode 13.0";
			developmentRegion = en;
			hasScannedForEncodings = 0;
			knownRegions = (
				en,
				Base,
			);
			mainGroup = 278FE14C27AB2FE500C8BDE0;
			productRefGroup = 278FE15627AB2FE500C8BDE0 /* Products */;
			projectDirPath = "";
			projectRoot = "";
			targets = (
				278FE15427AB2FE500C8BDE0 /* ar-community-swiftui */,
				278FE16427AB2FE600C8BDE0 /* ar-community-swiftuiTests */,
				278FE16E27AB2FE600C8BDE0 /* ar-community-swiftuiUITests */,
			);
		};
/* End PBXProject section */

/* Begin PBXResourcesBuildPhase section */
		278FE15327AB2FE500C8BDE0 /* Resources */ = {
			isa = PBXResourcesBuildPhase;
			buildActionMask = 2147483647;
			files = (
				278FE16027AB2FE600C8BDE0 /* Preview Assets.xcassets in Resources */,
				278FE15D27AB2FE600C8BDE0 /* Assets.xcassets in Resources */,
			);
			runOnlyForDeploymentPostprocessing = 0;
		};
		278FE16327AB2FE600C8BDE0 /* Resources */ = {
			isa = PBXResourcesBuildPhase;
			buildActionMask = 2147483647;
			files = (
			);
			runOnlyForDeploymentPostprocessing = 0;
		};
		278FE16D27AB2FE600C8BDE0 /* Resources */ = {
			isa = PBXResourcesBuildPhase;
			buildActionMask = 2147483647;
			files = (
			);
			runOnlyForDeploymentPostprocessing = 0;
		};
/* End PBXResourcesBuildPhase section */

/* Begin PBXSourcesBuildPhase section */
		278FE15127AB2FE500C8BDE0 /* Sources */ = {
			isa = PBXSourcesBuildPhase;
			buildActionMask = 2147483647;
			files = (
				278FE15B27AB2FE500C8BDE0 /* ContentView.swift in Sources */,
				278FE15927AB2FE500C8BDE0 /* ar_community_swiftuiApp.swift in Sources */,
			);
			runOnlyForDeploymentPostprocessing = 0;
		};
		278FE16127AB2FE600C8BDE0 /* Sources */ = {
			isa = PBXSourcesBuildPhase;
			buildActionMask = 2147483647;
			files = (
				278FE16A27AB2FE600C8BDE0 /* ar_community_swiftuiTests.swift in Sources */,
			);
			runOnlyForDeploymentPostprocessing = 0;
		};
		278FE16B27AB2FE600C8BDE0 /* Sources */ = {
			isa = PBXSourcesBuildPhase;
			buildActionMask = 2147483647;
			files = (
				278FE17427AB2FE600C8BDE0 /* ar_community_swiftuiUITests.swift in Sources */,
				278FE17627AB2FE600C8BDE0 /* ar_community_swiftuiUITestsLaunchTests.swift in Sources */,
			);
			runOnlyForDeploymentPostprocessing = 0;
		};
/* End PBXSourcesBuildPhase section */

/* Begin PBXTargetDependency section */
		278FE16727AB2FE600C8BDE0 /* PBXTargetDependency */ = {
			isa = PBXTargetDependency;
			target = 278FE15427AB2FE500C8BDE0 /* ar-community-swiftui */;
			targetProxy = 278FE16627AB2FE600C8BDE0 /* PBXContainerItemProxy */;
		};
		278FE17127AB2FE600C8BDE0 /* PBXTargetDependency */ = {
			isa = PBXTargetDependency;
			target = 278FE15427AB2FE500C8BDE0 /* ar-community-swiftui */;
			targetProxy = 278FE17027AB2FE600C8BDE0 /* PBXContainerItemProxy */;
		};
/* End PBXTargetDependency section */

/* Begin XCBuildConfiguration section */
		278FE17727AB2FE600C8BDE0 /* Debug */ = {
			isa = XCBuildConfiguration;
			buildSettings = {
				ALWAYS_SEARCH_USER_PATHS = NO;
				CLANG_ANALYZER_NONNULL = YES;
				CLANG_ANALYZER_NUMBER_OBJECT_CONVERSION = YES_AGGRESSIVE;
				CLANG_CXX_LANGUAGE_STANDARD = "gnu++17";
				CLANG_CXX_LIBRARY = "libc++";
				CLANG_ENABLE_MODULES = YES;
				CLANG_ENABLE_OBJC_ARC = YES;
				CLANG_ENABLE_OBJC_WEAK = YES;
				CLANG_WARN_BLOCK_CAPTURE_AUTORELEASING = YES;
				CLANG_WARN_BOOL_CONVERSION = YES;
				CLANG_WARN_COMMA = YES;
				CLANG_WARN_CONSTANT_CONVERSION = YES;
				CLANG_WARN_DEPRECATED_OBJC_IMPLEMENTATIONS = YES;
				CLANG_WARN_DIRECT_OBJC_ISA_USAGE = YES_ERROR;
				CLANG_WARN_DOCUMENTATION_COMMENTS = YES;
				CLANG_WARN_EMPTY_BODY = YES;
				CLANG_WARN_ENUM_CONVERSION = YES;
				CLANG_WARN_INFINITE_RECURSION = YES;
				CLANG_WARN_INT_CONVERSION = YES;
				CLANG_WARN_NON_LITERAL_NULL_CONVERSION = YES;
				CLANG_WARN_OBJC_IMPLICIT_RETAIN_SELF = YES;
				CLANG_WARN_OBJC_LITERAL_CONVERSION = YES;
				CLANG_WARN_OBJC_ROOT_CLASS = YES_ERROR;
				CLANG_WARN_QUOTED_INCLUDE_IN_FRAMEWORK_HEADER = YES;
				CLANG_WARN_RANGE_LOOP_ANALYSIS = YES;
				CLANG_WARN_STRICT_PROTOTYPES = YES;
				CLANG_WARN_SUSPICIOUS_MOVE = YES;
				CLANG_WARN_UNGUARDED_AVAILABILITY = YES_AGGRESSIVE;
				CLANG_WARN_UNREACHABLE_CODE = YES;
				CLANG_WARN__DUPLICATE_METHOD_MATCH = YES;
				COPY_PHASE_STRIP = NO;
				DEBUG_INFORMATION_FORMAT = dwarf;
				ENABLE_STRICT_OBJC_MSGSEND = YES;
				ENABLE_TESTABILITY = YES;
				GCC_C_LANGUAGE_STANDARD = gnu11;
				GCC_DYNAMIC_NO_PIC = NO;
				GCC_NO_COMMON_BLOCKS = YES;
				GCC_OPTIMIZATION_LEVEL = 0;
				GCC_PREPROCESSOR_DEFINITIONS = (
					"DEBUG=1",
					"$(inherited)",
				);
				GCC_WARN_64_TO_32_BIT_CONVERSION = YES;
				GCC_WARN_ABOUT_RETURN_TYPE = YES_ERROR;
				GCC_WARN_UNDECLARED_SELECTOR = YES;
				GCC_WARN_UNINITIALIZED_AUTOS = YES_AGGRESSIVE;
				GCC_WARN_UNUSED_FUNCTION = YES;
				GCC_WARN_UNUSED_VARIABLE = YES;
				IPHONEOS_DEPLOYMENT_TARGET = 15.2;
				MTL_ENABLE_DEBUG_INFO = INCLUDE_SOURCE;
				MTL_FAST_MATH = YES;
				ONLY_ACTIVE_ARCH = YES;
				SDKROOT = iphoneos;
				SWIFT_ACTIVE_COMPILATION_CONDITIONS = DEBUG;
				SWIFT_OPTIMIZATION_LEVEL = "-Onone";
			};
			name = Debug;
		};
		278FE17827AB2FE600C8BDE0 /* Release */ = {
			isa = XCBuildConfiguration;
			buildSettings = {
				ALWAYS_SEARCH_USER_PATHS = NO;
				CLANG_ANALYZER_NONNULL = YES;
				CLANG_ANALYZER_NUMBER_OBJECT_CONVERSION = YES_AGGRESSIVE;
				CLANG_CXX_LANGUAGE_STANDARD = "gnu++17";
				CLANG_CXX_LIBRARY = "libc++";
				CLANG_ENABLE_MODULES = YES;
				CLANG_ENABLE_OBJC_ARC = YES;
				CLANG_ENABLE_OBJC_WEAK = YES;
				CLANG_WARN_BLOCK_CAPTURE_AUTORELEASING = YES;
				CLANG_WARN_BOOL_CONVERSION = YES;
				CLANG_WARN_COMMA = YES;
				CLANG_WARN_CONSTANT_CONVERSION = YES;
				CLANG_WARN_DEPRECATED_OBJC_IMPLEMENTATIONS = YES;
				CLANG_WARN_DIRECT_OBJC_ISA_USAGE = YES_ERROR;
				CLANG_WARN_DOCUMENTATION_COMMENTS = YES;
				CLANG_WARN_EMPTY_BODY = YES;
				CLANG_WARN_ENUM_CONVERSION = YES;
				CLANG_WARN_INFINITE_RECURSION = YES;
				CLANG_WARN_INT_CONVERSION = YES;
				CLANG_WARN_NON_LITERAL_NULL_CONVERSION = YES;
				CLANG_WARN_OBJC_IMPLICIT_RETAIN_SELF = YES;
				CLANG_WARN_OBJC_LITERAL_CONVERSION = YES;
				CLANG_WARN_OBJC_ROOT_CLASS = YES_ERROR;
				CLANG_WARN_QUOTED_INCLUDE_IN_FRAMEWORK_HEADER = YES;
				CLANG_WARN_RANGE_LOOP_ANALYSIS = YES;
				CLANG_WARN_STRICT_PROTOTYPES = YES;
				CLANG_WARN_SUSPICIOUS_MOVE = YES;
				CLANG_WARN_UNGUARDED_AVAILABILITY = YES_AGGRESSIVE;
				CLANG_WARN_UNREACHABLE_CODE = YES;
				CLANG_WARN__DUPLICATE_METHOD_MATCH = YES;
				COPY_PHASE_STRIP = NO;
				DEBUG_INFORMATION_FORMAT = "dwarf-with-dsym";
				ENABLE_NS_ASSERTIONS = NO;
				ENABLE_STRICT_OBJC_MSGSEND = YES;
				GCC_C_LANGUAGE_STANDARD = gnu11;
				GCC_NO_COMMON_BLOCKS = YES;
				GCC_WARN_64_TO_32_BIT_CONVERSION = YES;
				GCC_WARN_ABOUT_RETURN_TYPE = YES_ERROR;
				GCC_WARN_UNDECLARED_SELECTOR = YES;
				GCC_WARN_UNINITIALIZED_AUTOS = YES_AGGRESSIVE;
				GCC_WARN_UNUSED_FUNCTION = YES;
				GCC_WARN_UNUSED_VARIABLE = YES;
				IPHONEOS_DEPLOYMENT_TARGET = 15.2;
				MTL_ENABLE_DEBUG_INFO = NO;
				MTL_FAST_MATH = YES;
				SDKROOT = iphoneos;
				SWIFT_COMPILATION_MODE = wholemodule;
				SWIFT_OPTIMIZATION_LEVEL = "-O";
				VALIDATE_PRODUCT = YES;
			};
			name = Release;
		};
		278FE17A27AB2FE600C8BDE0 /* Debug */ = {
			isa = XCBuildConfiguration;
			buildSettings = {
				ASSETCATALOG_COMPILER_APPICON_NAME = AppIcon;
				ASSETCATALOG_COMPILER_GLOBAL_ACCENT_COLOR_NAME = AccentColor;
				CODE_SIGN_STYLE = Automatic;
				CURRENT_PROJECT_VERSION = 1;
				DEVELOPMENT_ASSET_PATHS = "\"ar-community-swiftui/Preview Content\"";
				DEVELOPMENT_TEAM = 9U83N8G669;
				ENABLE_PREVIEWS = YES;
				GENERATE_INFOPLIST_FILE = YES;
				INFOPLIST_KEY_UIApplicationSceneManifest_Generation = YES;
				INFOPLIST_KEY_UIApplicationSupportsIndirectInputEvents = YES;
				INFOPLIST_KEY_UILaunchScreen_Generation = YES;
				INFOPLIST_KEY_UISupportedInterfaceOrientations_iPad = "UIInterfaceOrientationPortrait UIInterfaceOrientationPortraitUpsideDown UIInterfaceOrientationLandscapeLeft UIInterfaceOrientationLandscapeRight";
				INFOPLIST_KEY_UISupportedInterfaceOrientations_iPhone = "UIInterfaceOrientationPortrait UIInterfaceOrientationLandscapeLeft UIInterfaceOrientationLandscapeRight";
				LD_RUNPATH_SEARCH_PATHS = (
					"$(inherited)",
					"@executable_path/Frameworks",
				);
				MARKETING_VERSION = 1.0;
				PRODUCT_BUNDLE_IDENTIFIER = "eu.mammutmedia.ar-community-swiftui";
				PRODUCT_NAME = "$(TARGET_NAME)";
				SWIFT_EMIT_LOC_STRINGS = YES;
				SWIFT_VERSION = 5.0;
				TARGETED_DEVICE_FAMILY = "1,2";
			};
			name = Debug;
		};
		278FE17B27AB2FE600C8BDE0 /* Release */ = {
			isa = XCBuildConfiguration;
			buildSettings = {
				ASSETCATALOG_COMPILER_APPICON_NAME = AppIcon;
				ASSETCATALOG_COMPILER_GLOBAL_ACCENT_COLOR_NAME = AccentColor;
				CODE_SIGN_STYLE = Automatic;
				CURRENT_PROJECT_VERSION = 1;
				DEVELOPMENT_ASSET_PATHS = "\"ar-community-swiftui/Preview Content\"";
				DEVELOPMENT_TEAM = 9U83N8G669;
				ENABLE_PREVIEWS = YES;
				GENERATE_INFOPLIST_FILE = YES;
				INFOPLIST_KEY_UIApplicationSceneManifest_Generation = YES;
				INFOPLIST_KEY_UIApplicationSupportsIndirectInputEvents = YES;
				INFOPLIST_KEY_UILaunchScreen_Generation = YES;
				INFOPLIST_KEY_UISupportedInterfaceOrientations_iPad = "UIInterfaceOrientationPortrait UIInterfaceOrientationPortraitUpsideDown UIInterfaceOrientationLandscapeLeft UIInterfaceOrientationLandscapeRight";
				INFOPLIST_KEY_UISupportedInterfaceOrientations_iPhone = "UIInterfaceOrientationPortrait UIInterfaceOrientationLandscapeLeft UIInterfaceOrientationLandscapeRight";
				LD_RUNPATH_SEARCH_PATHS = (
					"$(inherited)",
					"@executable_path/Frameworks",
				);
				MARKETING_VERSION = 1.0;
				PRODUCT_BUNDLE_IDENTIFIER = "eu.mammutmedia.ar-community-swiftui";
				PRODUCT_NAME = "$(TARGET_NAME)";
				SWIFT_EMIT_LOC_STRINGS = YES;
				SWIFT_VERSION = 5.0;
				TARGETED_DEVICE_FAMILY = "1,2";
			};
			name = Release;
		};
		278FE17D27AB2FE600C8BDE0 /* Debug */ = {
			isa = XCBuildConfiguration;
			buildSettings = {
				ALWAYS_EMBED_SWIFT_STANDARD_LIBRARIES = YES;
				BUNDLE_LOADER = "$(TEST_HOST)";
				CODE_SIGN_STYLE = Automatic;
				CURRENT_PROJECT_VERSION = 1;
				DEVELOPMENT_TEAM = 9U83N8G669;
				GENERATE_INFOPLIST_FILE = YES;
				IPHONEOS_DEPLOYMENT_TARGET = 15.2;
				MARKETING_VERSION = 1.0;
				PRODUCT_BUNDLE_IDENTIFIER = "eu.mammutmedia.ar-community-swiftuiTests";
				PRODUCT_NAME = "$(TARGET_NAME)";
				SWIFT_EMIT_LOC_STRINGS = NO;
				SWIFT_VERSION = 5.0;
				TARGETED_DEVICE_FAMILY = "1,2";
				TEST_HOST = "$(BUILT_PRODUCTS_DIR)/ar-community-swiftui.app/ar-community-swiftui";
			};
			name = Debug;
		};
		278FE17E27AB2FE600C8BDE0 /* Release */ = {
			isa = XCBuildConfiguration;
			buildSettings = {
				ALWAYS_EMBED_SWIFT_STANDARD_LIBRARIES = YES;
				BUNDLE_LOADER = "$(TEST_HOST)";
				CODE_SIGN_STYLE = Automatic;
				CURRENT_PROJECT_VERSION = 1;
				DEVELOPMENT_TEAM = 9U83N8G669;
				GENERATE_INFOPLIST_FILE = YES;
				IPHONEOS_DEPLOYMENT_TARGET = 15.2;
				MARKETING_VERSION = 1.0;
				PRODUCT_BUNDLE_IDENTIFIER = "eu.mammutmedia.ar-community-swiftuiTests";
				PRODUCT_NAME = "$(TARGET_NAME)";
				SWIFT_EMIT_LOC_STRINGS = NO;
				SWIFT_VERSION = 5.0;
				TARGETED_DEVICE_FAMILY = "1,2";
				TEST_HOST = "$(BUILT_PRODUCTS_DIR)/ar-community-swiftui.app/ar-community-swiftui";
			};
			name = Release;
		};
		278FE18027AB2FE600C8BDE0 /* Debug */ = {
			isa = XCBuildConfiguration;
			buildSettings = {
				ALWAYS_EMBED_SWIFT_STANDARD_LIBRARIES = YES;
				CODE_SIGN_STYLE = Automatic;
				CURRENT_PROJECT_VERSION = 1;
				DEVELOPMENT_TEAM = 9U83N8G669;
				GENERATE_INFOPLIST_FILE = YES;
				MARKETING_VERSION = 1.0;
				PRODUCT_BUNDLE_IDENTIFIER = "eu.mammutmedia.ar-community-swiftuiUITests";
				PRODUCT_NAME = "$(TARGET_NAME)";
				SWIFT_EMIT_LOC_STRINGS = NO;
				SWIFT_VERSION = 5.0;
				TARGETED_DEVICE_FAMILY = "1,2";
				TEST_TARGET_NAME = "ar-community-swiftui";
			};
			name = Debug;
		};
		278FE18127AB2FE600C8BDE0 /* Release */ = {
			isa = XCBuildConfiguration;
			buildSettings = {
				ALWAYS_EMBED_SWIFT_STANDARD_LIBRARIES = YES;
				CODE_SIGN_STYLE = Automatic;
				CURRENT_PROJECT_VERSION = 1;
				DEVELOPMENT_TEAM = 9U83N8G669;
				GENERATE_INFOPLIST_FILE = YES;
				MARKETING_VERSION = 1.0;
				PRODUCT_BUNDLE_IDENTIFIER = "eu.mammutmedia.ar-community-swiftuiUITests";
				PRODUCT_NAME = "$(TARGET_NAME)";
				SWIFT_EMIT_LOC_STRINGS = NO;
				SWIFT_VERSION = 5.0;
				TARGETED_DEVICE_FAMILY = "1,2";
				TEST_TARGET_NAME = "ar-community-swiftui";
			};
			name = Release;
		};
/* End XCBuildConfiguration section */

/* Begin XCConfigurationList section */
		278FE15027AB2FE500C8BDE0 /* Build configuration list for PBXProject "ar-community-swiftui" */ = {
			isa = XCConfigurationList;
			buildConfigurations = (
				278FE17727AB2FE600C8BDE0 /* Debug */,
				278FE17827AB2FE600C8BDE0 /* Release */,
			);
			defaultConfigurationIsVisible = 0;
			defaultConfigurationName = Release;
		};
		278FE17927AB2FE600C8BDE0 /* Build configuration list for PBXNativeTarget "ar-community-swiftui" */ = {
			isa = XCConfigurationList;
			buildConfigurations = (
				278FE17A27AB2FE600C8BDE0 /* Debug */,
				278FE17B27AB2FE600C8BDE0 /* Release */,
			);
			defaultConfigurationIsVisible = 0;
			defaultConfigurationName = Release;
		};
		278FE17C27AB2FE600C8BDE0 /* Build configuration list for PBXNativeTarget "ar-community-swiftuiTests" */ = {
			isa = XCConfigurationList;
			buildConfigurations = (
				278FE17D27AB2FE600C8BDE0 /* Debug */,
				278FE17E27AB2FE600C8BDE0 /* Release */,
			);
			defaultConfigurationIsVisible = 0;
			defaultConfigurationName = Release;
		};
		278FE17F27AB2FE600C8BDE0 /* Build configuration list for PBXNativeTarget "ar-community-swiftuiUITests" */ = {
			isa = XCConfigurationList;
			buildConfigurations = (
				278FE18027AB2FE600C8BDE0 /* Debug */,
				278FE18127AB2FE600C8BDE0 /* Release */,
			);
			defaultConfigurationIsVisible = 0;
			defaultConfigurationName = Release;
		};
/* End XCConfigurationList section */
	};
	rootObject = 278FE14D27AB2FE500C8BDE0 /* Project object */;
}
