{
  "object": {
    "pins": [
      {
        "package": "ParseSwift",
        "repositoryURL": "git@github.com:parse-community/Parse-Swift.git",
        "state": {
          "branch": null,
          "revision": "51e16d0764bc5f65b0b78b982b2c4febff421818",
          "version": "4.0.1"
        }
      },
      {
        "package": "RichText",
        "repositoryURL": "git@github.com:NuPlay/RichText.git",
        "state": {
          "branch": null,
          "revision": "dcf9a3e681e158dfab6729fd00b27dc0ab0e4e1e",
          "version": "1.6.0"
        }
      },
      {
        "package": "SwiftyGif",
        "repositoryURL": "git@github.com:kirualex/SwiftyGif.git",
        "state": {
          "branch": null,
          "revision": "db0c122b671bc9760385e0355be00eede3b7bb44",
          "version": "5.4.3"
        }
      }
    ]
  },
  "version": 1
}
